// !$*UTF8*$!
{
	archiveVersion = 1;
	classes = {
	};
	objectVersion = 56;
	objects = {

/* Begin PBXBuildFile section */
		F71DCB762BF2406200039B24 /* AppDelegate.swift in Sources */ = {isa = PBXBuildFile; fileRef = F71DCB752BF2406200039B24 /* AppDelegate.swift */; };
		F71DCB782BF2406200039B24 /* SceneDelegate.swift in Sources */ = {isa = PBXBuildFile; fileRef = F71DCB772BF2406200039B24 /* SceneDelegate.swift */; };
		F71DCB7F2BF2406300039B24 /* Assets.xcassets in Resources */ = {isa = PBXBuildFile; fileRef = F71DCB7E2BF2406300039B24 /* Assets.xcassets */; };
		F71DCB822BF2406300039B24 /* Base in Resources */ = {isa = PBXBuildFile; fileRef = F71DCB812BF2406300039B24 /* Base */; };
		F71DCB8A2BF2409C00039B24 /* NetworkService.swift in Sources */ = {isa = PBXBuildFile; fileRef = F71DCB892BF2409C00039B24 /* NetworkService.swift */; };
		F71DCB8D2BF240B000039B24 /* Alamofire in Frameworks */ = {isa = PBXBuildFile; productRef = F71DCB8C2BF240B000039B24 /* Alamofire */; };
		F71DCB922BF240C300039B24 /* SwiftyJSON in Frameworks */ = {isa = PBXBuildFile; productRef = F71DCB912BF240C300039B24 /* SwiftyJSON */; };
		F71DCB952BF240CE00039B24 /* Kingfisher in Frameworks */ = {isa = PBXBuildFile; productRef = F71DCB942BF240CE00039B24 /* Kingfisher */; };
		F71DCB982BF240F000039B24 /* Photo.swift in Sources */ = {isa = PBXBuildFile; fileRef = F71DCB972BF240F000039B24 /* Photo.swift */; };
		F71DCB9A2BF2410400039B24 /* PhotoCell.swift in Sources */ = {isa = PBXBuildFile; fileRef = F71DCB992BF2410400039B24 /* PhotoCell.swift */; };
		F71DCB9C2BF2411A00039B24 /* PhotoViewController.swift in Sources */ = {isa = PBXBuildFile; fileRef = F71DCB9B2BF2411A00039B24 /* PhotoViewController.swift */; };
		F71DCB9E2BF2413400039B24 /* PhotoDetailsViewController.swift in Sources */ = {isa = PBXBuildFile; fileRef = F71DCB9D2BF2413400039B24 /* PhotoDetailsViewController.swift */; };
		F71DCBA02BF2414D00039B24 /* FullScreenImageViewController.swift in Sources */ = {isa = PBXBuildFile; fileRef = F71DCB9F2BF2414D00039B24 /* FullScreenImageViewController.swift */; };
/* End PBXBuildFile section */

/* Begin PBXFileReference section */
		F71DCB722BF2406200039B24 /* TestProject.app */ = {isa = PBXFileReference; explicitFileType = wrapper.application; includeInIndex = 0; path = TestProject.app; sourceTree = BUILT_PRODUCTS_DIR; };
		F71DCB752BF2406200039B24 /* AppDelegate.swift */ = {isa = PBXFileReference; lastKnownFileType = sourcecode.swift; path = AppDelegate.swift; sourceTree = "<group>"; };
		F71DCB772BF2406200039B24 /* SceneDelegate.swift */ = {isa = PBXFileReference; lastKnownFileType = sourcecode.swift; path = SceneDelegate.swift; sourceTree = "<group>"; };
		F71DCB7E2BF2406300039B24 /* Assets.xcassets */ = {isa = PBXFileReference; lastKnownFileType = folder.assetcatalog; path = Assets.xcassets; sourceTree = "<group>"; };
		F71DCB812BF2406300039B24 /* Base */ = {isa = PBXFileReference; lastKnownFileType = file.storyboard; name = Base; path = Base.lproj/LaunchScreen.storyboard; sourceTree = "<group>"; };
		F71DCB832BF2406300039B24 /* Info.plist */ = {isa = PBXFileReference; lastKnownFileType = text.plist.xml; path = Info.plist; sourceTree = "<group>"; };
		F71DCB892BF2409C00039B24 /* NetworkService.swift */ = {isa = PBXFileReference; lastKnownFileType = sourcecode.swift; path = NetworkService.swift; sourceTree = "<group>"; };
		F71DCB972BF240F000039B24 /* Photo.swift */ = {isa = PBXFileReference; lastKnownFileType = sourcecode.swift; path = Photo.swift; sourceTree = "<group>"; };
		F71DCB992BF2410400039B24 /* PhotoCell.swift */ = {isa = PBXFileReference; lastKnownFileType = sourcecode.swift; path = PhotoCell.swift; sourceTree = "<group>"; };
		F71DCB9B2BF2411A00039B24 /* PhotoViewController.swift */ = {isa = PBXFileReference; lastKnownFileType = sourcecode.swift; path = PhotoViewController.swift; sourceTree = "<group>"; };
		F71DCB9D2BF2413400039B24 /* PhotoDetailsViewController.swift */ = {isa = PBXFileReference; lastKnownFileType = sourcecode.swift; path = PhotoDetailsViewController.swift; sourceTree = "<group>"; };
		F71DCB9F2BF2414D00039B24 /* FullScreenImageViewController.swift */ = {isa = PBXFileReference; lastKnownFileType = sourcecode.swift; path = FullScreenImageViewController.swift; sourceTree = "<group>"; };
/* End PBXFileReference section */

/* Begin PBXFrameworksBuildPhase section */
		F71DCB6F2BF2406200039B24 /* Frameworks */ = {
			isa = PBXFrameworksBuildPhase;
			buildActionMask = 2147483647;
			files = (
				F71DCB952BF240CE00039B24 /* Kingfisher in Frameworks */,
				F71DCB922BF240C300039B24 /* SwiftyJSON in Frameworks */,
				F71DCB8D2BF240B000039B24 /* Alamofire in Frameworks */,
			);
			runOnlyForDeploymentPostprocessing = 0;
		};
/* End PBXFrameworksBuildPhase section */

/* Begin PBXGroup section */
		F71DCB692BF2406200039B24 = {
			isa = PBXGroup;
			children = (
				F71DCB742BF2406200039B24 /* TestProject */,
				F71DCB732BF2406200039B24 /* Products */,
			);
			sourceTree = "<group>";
		};
		F71DCB732BF2406200039B24 /* Products */ = {
			isa = PBXGroup;
			children = (
				F71DCB722BF2406200039B24 /* TestProject.app */,
			);
			name = Products;
			sourceTree = "<group>";
		};
		F71DCB742BF2406200039B24 /* TestProject */ = {
			isa = PBXGroup;
			children = (
				F71DCB752BF2406200039B24 /* AppDelegate.swift */,
				F71DCB772BF2406200039B24 /* SceneDelegate.swift */,
				F71DCB962BF240D700039B24 /* Network */,
				F71DCBA42BF2418100039B24 /* TestProjectImage */,
				F71DCB7E2BF2406300039B24 /* Assets.xcassets */,
				F71DCB802BF2406300039B24 /* LaunchScreen.storyboard */,
				F71DCB832BF2406300039B24 /* Info.plist */,
			);
			path = TestProject;
			sourceTree = "<group>";
		};
		F71DCB962BF240D700039B24 /* Network */ = {
			isa = PBXGroup;
			children = (
				F71DCB892BF2409C00039B24 /* NetworkService.swift */,
			);
			path = Network;
			sourceTree = "<group>";
		};
		F71DCBA12BF2415D00039B24 /* Controllers */ = {
			isa = PBXGroup;
			children = (
				F71DCB9B2BF2411A00039B24 /* PhotoViewController.swift */,
				F71DCB9D2BF2413400039B24 /* PhotoDetailsViewController.swift */,
				F71DCB9F2BF2414D00039B24 /* FullScreenImageViewController.swift */,
			);
			path = Controllers;
			sourceTree = "<group>";
		};
		F71DCBA22BF2416F00039B24 /* Model */ = {
			isa = PBXGroup;
			children = (
				F71DCB972BF240F000039B24 /* Photo.swift */,
			);
			path = Model;
			sourceTree = "<group>";
		};
		F71DCBA32BF2417600039B24 /* View */ = {
			isa = PBXGroup;
			children = (
				F71DCB992BF2410400039B24 /* PhotoCell.swift */,
			);
			path = View;
			sourceTree = "<group>";
		};
		F71DCBA42BF2418100039B24 /* TestProjectImage */ = {
			isa = PBXGroup;
			children = (
				F71DCBA22BF2416F00039B24 /* Model */,
				F71DCBA32BF2417600039B24 /* View */,
				F71DCBA12BF2415D00039B24 /* Controllers */,
			);
			path = TestProjectImage;
			sourceTree = "<group>";
		};
/* End PBXGroup section */

/* Begin PBXNativeTarget section */
		F71DCB712BF2406200039B24 /* TestProject */ = {
			isa = PBXNativeTarget;
			buildConfigurationList = F71DCB862BF2406300039B24 /* Build configuration list for PBXNativeTarget "TestProject" */;
			buildPhases = (
				F71DCB6E2BF2406200039B24 /* Sources */,
				F71DCB6F2BF2406200039B24 /* Frameworks */,
				F71DCB702BF2406200039B24 /* Resources */,
			);
			buildRules = (
			);
			dependencies = (
			);
			name = TestProject;
			packageProductDependencies = (
				F71DCB8C2BF240B000039B24 /* Alamofire */,
				F71DCB912BF240C300039B24 /* SwiftyJSON */,
				F71DCB942BF240CE00039B24 /* Kingfisher */,
			);
			productName = TestProject;
			productReference = F71DCB722BF2406200039B24 /* TestProject.app */;
			productType = "com.apple.product-type.application";
		};
/* End PBXNativeTarget section */

/* Begin PBXProject section */
		F71DCB6A2BF2406200039B24 /* Project object */ = {
			isa = PBXProject;
			attributes = {
				BuildIndependentTargetsInParallel = 1;
				LastSwiftUpdateCheck = 1530;
				LastUpgradeCheck = 1530;
				TargetAttributes = {
					F71DCB712BF2406200039B24 = {
						CreatedOnToolsVersion = 15.3;
					};
				};
			};
			buildConfigurationList = F71DCB6D2BF2406200039B24 /* Build configuration list for PBXProject "TestProject" */;
			compatibilityVersion = "Xcode 14.0";
			developmentRegion = en;
			hasScannedForEncodings = 0;
			knownRegions = (
				en,
				Base,
			);
			mainGroup = F71DCB692BF2406200039B24;
			packageReferences = (
				F71DCB8B2BF240B000039B24 /* XCRemoteSwiftPackageReference "Alamofire" */,
				F71DCB902BF240C300039B24 /* XCRemoteSwiftPackageReference "SwiftyJSON" */,
				F71DCB932BF240CE00039B24 /* XCRemoteSwiftPackageReference "Kingfisher" */,
			);
			productRefGroup = F71DCB732BF2406200039B24 /* Products */;
			projectDirPath = "";
			projectRoot = "";
			targets = (
				F71DCB712BF2406200039B24 /* TestProject */,
			);
		};
/* End PBXProject section */

/* Begin PBXResourcesBuildPhase section */
		F71DCB702BF2406200039B24 /* Resources */ = {
			isa = PBXResourcesBuildPhase;
			buildActionMask = 2147483647;
			files = (
				F71DCB7F2BF2406300039B24 /* Assets.xcassets in Resources */,
				F71DCB822BF2406300039B24 /* Base in Resources */,
			);
			runOnlyForDeploymentPostprocessing = 0;
		};
/* End PBXResourcesBuildPhase section */

/* Begin PBXSourcesBuildPhase section */
		F71DCB6E2BF2406200039B24 /* Sources */ = {
			isa = PBXSourcesBuildPhase;
			buildActionMask = 2147483647;
			files = (
				F71DCB9E2BF2413400039B24 /* PhotoDetailsViewController.swift in Sources */,
				F71DCB982BF240F000039B24 /* Photo.swift in Sources */,
				F71DCB9A2BF2410400039B24 /* PhotoCell.swift in Sources */,
				F71DCBA02BF2414D00039B24 /* FullScreenImageViewController.swift in Sources */,
				F71DCB762BF2406200039B24 /* AppDelegate.swift in Sources */,
				F71DCB8A2BF2409C00039B24 /* NetworkService.swift in Sources */,
				F71DCB782BF2406200039B24 /* SceneDelegate.swift in Sources */,
				F71DCB9C2BF2411A00039B24 /* PhotoViewController.swift in Sources */,
			);
			runOnlyForDeploymentPostprocessing = 0;
		};
/* End PBXSourcesBuildPhase section */

/* Begin PBXVariantGroup section */
		F71DCB802BF2406300039B24 /* LaunchScreen.storyboard */ = {
			isa = PBXVariantGroup;
			children = (
				F71DCB812BF2406300039B24 /* Base */,
			);
			name = LaunchScreen.storyboard;
			sourceTree = "<group>";
		};
/* End PBXVariantGroup section */

/* Begin XCBuildConfiguration section */
		F71DCB842BF2406300039B24 /* Debug */ = {
			isa = XCBuildConfiguration;
			buildSettings = {
				ALWAYS_SEARCH_USER_PATHS = NO;
				ASSETCATALOG_COMPILER_GENERATE_SWIFT_ASSET_SYMBOL_EXTENSIONS = YES;
				CLANG_ANALYZER_NONNULL = YES;
				CLANG_ANALYZER_NUMBER_OBJECT_CONVERSION = YES_AGGRESSIVE;
				CLANG_CXX_LANGUAGE_STANDARD = "gnu++20";
				CLANG_ENABLE_MODULES = YES;
				CLANG_ENABLE_OBJC_ARC = YES;
				CLANG_ENABLE_OBJC_WEAK = YES;
				CLANG_WARN_BLOCK_CAPTURE_AUTORELEASING = YES;
				CLANG_WARN_BOOL_CONVERSION = YES;
				CLANG_WARN_COMMA = YES;
				CLANG_WARN_CONSTANT_CONVERSION = YES;
				CLANG_WARN_DEPRECATED_OBJC_IMPLEMENTATIONS = YES;
				CLANG_WARN_DIRECT_OBJC_ISA_USAGE = YES_ERROR;
				CLANG_WARN_DOCUMENTATION_COMMENTS = YES;
				CLANG_WARN_EMPTY_BODY = YES;
				CLANG_WARN_ENUM_CONVERSION = YES;
				CLANG_WARN_INFINITE_RECURSION = YES;
				CLANG_WARN_INT_CONVERSION = YES;
				CLANG_WARN_NON_LITERAL_NULL_CONVERSION = YES;
				CLANG_WARN_OBJC_IMPLICIT_RETAIN_SELF = YES;
				CLANG_WARN_OBJC_LITERAL_CONVERSION = YES;
				CLANG_WARN_OBJC_ROOT_CLASS = YES_ERROR;
				CLANG_WARN_QUOTED_INCLUDE_IN_FRAMEWORK_HEADER = YES;
				CLANG_WARN_RANGE_LOOP_ANALYSIS = YES;
				CLANG_WARN_STRICT_PROTOTYPES = YES;
				CLANG_WARN_SUSPICIOUS_MOVE = YES;
				CLANG_WARN_UNGUARDED_AVAILABILITY = YES_AGGRESSIVE;
				CLANG_WARN_UNREACHABLE_CODE = YES;
				CLANG_WARN__DUPLICATE_METHOD_MATCH = YES;
				COPY_PHASE_STRIP = NO;
				DEBUG_INFORMATION_FORMAT = dwarf;
				ENABLE_STRICT_OBJC_MSGSEND = YES;
				ENABLE_TESTABILITY = YES;
				ENABLE_USER_SCRIPT_SANDBOXING = YES;
				GCC_C_LANGUAGE_STANDARD = gnu17;
				GCC_DYNAMIC_NO_PIC = NO;
				GCC_NO_COMMON_BLOCKS = YES;
				GCC_OPTIMIZATION_LEVEL = 0;
				GCC_PREPROCESSOR_DEFINITIONS = (
					"DEBUG=1",
					"$(inherited)",
				);
				GCC_WARN_64_TO_32_BIT_CONVERSION = YES;
				GCC_WARN_ABOUT_RETURN_TYPE = YES_ERROR;
				GCC_WARN_UNDECLARED_SELECTOR = YES;
				GCC_WARN_UNINITIALIZED_AUTOS = YES_AGGRESSIVE;
				GCC_WARN_UNUSED_FUNCTION = YES;
				GCC_WARN_UNUSED_VARIABLE = YES;
				IPHONEOS_DEPLOYMENT_TARGET = 17.4;
				LOCALIZATION_PREFERS_STRING_CATALOGS = YES;
				MTL_ENABLE_DEBUG_INFO = INCLUDE_SOURCE;
				MTL_FAST_MATH = YES;
				ONLY_ACTIVE_ARCH = YES;
				SDKROOT = iphoneos;
				SWIFT_ACTIVE_COMPILATION_CONDITIONS = "DEBUG $(inherited)";
				SWIFT_OPTIMIZATION_LEVEL = "-Onone";
			};
			name = Debug;
		};
		F71DCB852BF2406300039B24 /* Release */ = {
			isa = XCBuildConfiguration;
			buildSettings = {
				ALWAYS_SEARCH_USER_PATHS = NO;
				ASSETCATALOG_COMPILER_GENERATE_SWIFT_ASSET_SYMBOL_EXTENSIONS = YES;
				CLANG_ANALYZER_NONNULL = YES;
				CLANG_ANALYZER_NUMBER_OBJECT_CONVERSION = YES_AGGRESSIVE;
				CLANG_CXX_LANGUAGE_STANDARD = "gnu++20";
				CLANG_ENABLE_MODULES = YES;
				CLANG_ENABLE_OBJC_ARC = YES;
				CLANG_ENABLE_OBJC_WEAK = YES;
				CLANG_WARN_BLOCK_CAPTURE_AUTORELEASING = YES;
				CLANG_WARN_BOOL_CONVERSION = YES;
				CLANG_WARN_COMMA = YES;
				CLANG_WARN_CONSTANT_CONVERSION = YES;
				CLANG_WARN_DEPRECATED_OBJC_IMPLEMENTATIONS = YES;
				CLANG_WARN_DIRECT_OBJC_ISA_USAGE = YES_ERROR;
				CLANG_WARN_DOCUMENTATION_COMMENTS = YES;
				CLANG_WARN_EMPTY_BODY = YES;
				CLANG_WARN_ENUM_CONVERSION = YES;
				CLANG_WARN_INFINITE_RECURSION = YES;
				CLANG_WARN_INT_CONVERSION = YES;
				CLANG_WARN_NON_LITERAL_NULL_CONVERSION = YES;
				CLANG_WARN_OBJC_IMPLICIT_RETAIN_SELF = YES;
				CLANG_WARN_OBJC_LITERAL_CONVERSION = YES;
				CLANG_WARN_OBJC_ROOT_CLASS = YES_ERROR;
				CLANG_WARN_QUOTED_INCLUDE_IN_FRAMEWORK_HEADER = YES;
				CLANG_WARN_RANGE_LOOP_ANALYSIS = YES;
				CLANG_WARN_STRICT_PROTOTYPES = YES;
				CLANG_WARN_SUSPICIOUS_MOVE = YES;
				CLANG_WARN_UNGUARDED_AVAILABILITY = YES_AGGRESSIVE;
				CLANG_WARN_UNREACHABLE_CODE = YES;
				CLANG_WARN__DUPLICATE_METHOD_MATCH = YES;
				COPY_PHASE_STRIP = NO;
				DEBUG_INFORMATION_FORMAT = "dwarf-with-dsym";
				ENABLE_NS_ASSERTIONS = NO;
				ENABLE_STRICT_OBJC_MSGSEND = YES;
				ENABLE_USER_SCRIPT_SANDBOXING = YES;
				GCC_C_LANGUAGE_STANDARD = gnu17;
				GCC_NO_COMMON_BLOCKS = YES;
				GCC_WARN_64_TO_32_BIT_CONVERSION = YES;
				GCC_WARN_ABOUT_RETURN_TYPE = YES_ERROR;
				GCC_WARN_UNDECLARED_SELECTOR = YES;
				GCC_WARN_UNINITIALIZED_AUTOS = YES_AGGRESSIVE;
				GCC_WARN_UNUSED_FUNCTION = YES;
				GCC_WARN_UNUSED_VARIABLE = YES;
				IPHONEOS_DEPLOYMENT_TARGET = 17.4;
				LOCALIZATION_PREFERS_STRING_CATALOGS = YES;
				MTL_ENABLE_DEBUG_INFO = NO;
				MTL_FAST_MATH = YES;
				SDKROOT = iphoneos;
				SWIFT_COMPILATION_MODE = wholemodule;
				VALIDATE_PRODUCT = YES;
			};
			name = Release;
		};
		F71DCB872BF2406300039B24 /* Debug */ = {
			isa = XCBuildConfiguration;
			buildSettings = {
				ASSETCATALOG_COMPILER_APPICON_NAME = AppIcon;
				ASSETCATALOG_COMPILER_GLOBAL_ACCENT_COLOR_NAME = AccentColor;
				CODE_SIGN_STYLE = Automatic;
				CURRENT_PROJECT_VERSION = 1;
				DEVELOPMENT_TEAM = NX4Z863YP5;
				GENERATE_INFOPLIST_FILE = YES;
				INFOPLIST_FILE = TestProject/Info.plist;
				INFOPLIST_KEY_UIApplicationSupportsIndirectInputEvents = YES;
				INFOPLIST_KEY_UILaunchStoryboardName = LaunchScreen;
				INFOPLIST_KEY_UISupportedInterfaceOrientations_iPad = "UIInterfaceOrientationPortrait UIInterfaceOrientationPortraitUpsideDown UIInterfaceOrientationLandscapeLeft UIInterfaceOrientationLandscapeRight";
				INFOPLIST_KEY_UISupportedInterfaceOrientations_iPhone = "UIInterfaceOrientationPortrait UIInterfaceOrientationLandscapeLeft UIInterfaceOrientationLandscapeRight";
				IPHONEOS_DEPLOYMENT_TARGET = 14.0;
				LD_RUNPATH_SEARCH_PATHS = (
					"$(inherited)",
					"@executable_path/Frameworks",
				);
				MARKETING_VERSION = 1.0;
				PRODUCT_BUNDLE_IDENTIFIER = voitivit.TestProject;
				PRODUCT_NAME = "$(TARGET_NAME)";
				SWIFT_EMIT_LOC_STRINGS = YES;
				SWIFT_VERSION = 5.0;
				TARGETED_DEVICE_FAMILY = "1,2";
			};
			name = Debug;
		};
		F71DCB882BF2406300039B24 /* Release */ = {
			isa = XCBuildConfiguration;
			buildSettings = {
				ASSETCATALOG_COMPILER_APPICON_NAME = AppIcon;
				ASSETCATALOG_COMPILER_GLOBAL_ACCENT_COLOR_NAME = AccentColor;
				CODE_SIGN_STYLE = Automatic;
				CURRENT_PROJECT_VERSION = 1;
				DEVELOPMENT_TEAM = NX4Z863YP5;
				GENERATE_INFOPLIST_FILE = YES;
				INFOPLIST_FILE = TestProject/Info.plist;
				INFOPLIST_KEY_UIApplicationSupportsIndirectInputEvents = YES;
				INFOPLIST_KEY_UILaunchStoryboardName = LaunchScreen;
				INFOPLIST_KEY_UISupportedInterfaceOrientations_iPad = "UIInterfaceOrientationPortrait UIInterfaceOrientationPortraitUpsideDown UIInterfaceOrientationLandscapeLeft UIInterfaceOrientationLandscapeRight";
				INFOPLIST_KEY_UISupportedInterfaceOrientations_iPhone = "UIInterfaceOrientationPortrait UIInterfaceOrientationLandscapeLeft UIInterfaceOrientationLandscapeRight";
				IPHONEOS_DEPLOYMENT_TARGET = 14.0;
				LD_RUNPATH_SEARCH_PATHS = (
					"$(inherited)",
					"@executable_path/Frameworks",
				);
				MARKETING_VERSION = 1.0;
				PRODUCT_BUNDLE_IDENTIFIER = voitivit.TestProject;
				PRODUCT_NAME = "$(TARGET_NAME)";
				SWIFT_EMIT_LOC_STRINGS = YES;
				SWIFT_VERSION = 5.0;
				TARGETED_DEVICE_FAMILY = "1,2";
			};
			name = Release;
		};
/* End XCBuildConfiguration section */

/* Begin XCConfigurationList section */
		F71DCB6D2BF2406200039B24 /* Build configuration list for PBXProject "TestProject" */ = {
			isa = XCConfigurationList;
			buildConfigurations = (
				F71DCB842BF2406300039B24 /* Debug */,
				F71DCB852BF2406300039B24 /* Release */,
			);
			defaultConfigurationIsVisible = 0;
			defaultConfigurationName = Release;
		};
		F71DCB862BF2406300039B24 /* Build configuration list for PBXNativeTarget "TestProject" */ = {
			isa = XCConfigurationList;
			buildConfigurations = (
				F71DCB872BF2406300039B24 /* Debug */,
				F71DCB882BF2406300039B24 /* Release */,
			);
			defaultConfigurationIsVisible = 0;
			defaultConfigurationName = Release;
		};
/* End XCConfigurationList section */

/* Begin XCRemoteSwiftPackageReference section */
		F71DCB8B2BF240B000039B24 /* XCRemoteSwiftPackageReference "Alamofire" */ = {
			isa = XCRemoteSwiftPackageReference;
			repositoryURL = "https://github.com/Alamofire/Alamofire.git";
			requirement = {
				kind = upToNextMajorVersion;
				minimumVersion = 5.9.1;
			};
		};
		F71DCB902BF240C300039B24 /* XCRemoteSwiftPackageReference "SwiftyJSON" */ = {
			isa = XCRemoteSwiftPackageReference;
			repositoryURL = "https://github.com/SwiftyJSON/SwiftyJSON.git";
			requirement = {
				kind = upToNextMajorVersion;
				minimumVersion = 5.0.2;
			};
		};
		F71DCB932BF240CE00039B24 /* XCRemoteSwiftPackageReference "Kingfisher" */ = {
			isa = XCRemoteSwiftPackageReference;
			repositoryURL = "https://github.com/onevcat/Kingfisher.git";
			requirement = {
				kind = upToNextMajorVersion;
				minimumVersion = 7.11.0;
			};
		};
/* End XCRemoteSwiftPackageReference section */

/* Begin XCSwiftPackageProductDependency section */
		F71DCB8C2BF240B000039B24 /* Alamofire */ = {
			isa = XCSwiftPackageProductDependency;
			package = F71DCB8B2BF240B000039B24 /* XCRemoteSwiftPackageReference "Alamofire" */;
			productName = Alamofire;
		};
		F71DCB912BF240C300039B24 /* SwiftyJSON */ = {
			isa = XCSwiftPackageProductDependency;
			package = F71DCB902BF240C300039B24 /* XCRemoteSwiftPackageReference "SwiftyJSON" */;
			productName = SwiftyJSON;
		};
		F71DCB942BF240CE00039B24 /* Kingfisher */ = {
			isa = XCSwiftPackageProductDependency;
			package = F71DCB932BF240CE00039B24 /* XCRemoteSwiftPackageReference "Kingfisher" */;
			productName = Kingfisher;
		};
/* End XCSwiftPackageProductDependency section */
	};
	rootObject = F71DCB6A2BF2406200039B24 /* Project object */;
}
